{
  "name": "isomaid",
  "version": "0.1.0",
  "lockfileVersion": 3,
  "requires": true,
  "packages": {
    "": {
      "name": "isomaid",
      "version": "0.1.0",
      "license": "MIT",
      "dependencies": {
        "d3-selection": "^3.0.0",
        "d3-zoom": "^3.0.0",
        "dagre": "^0.8.5",
        "elkjs": "^0.11.0",
        "pathfinding": "^0.4.18"
      },
      "devDependencies": {
        "@types/d3-selection": "^3.0.0",
        "@types/d3-zoom": "^3.0.0",
        "@types/dagre": "^0.7.52",
        "@types/pathfinding": "^0.1.0",
        "mermaid": "^11.0.0",
        "tsup": "^8.3.5",
        "typescript": "^5.7.2",
        "vitest": "^3.0.5"
      },
      "peerDependencies": {
        "mermaid": ">=10.0.0"
      }
    },
    "../../node_modules/.pnpm/@types+d3-selection@3.0.11/node_modules/@types/d3-selection": {
      "version": "3.0.11",
      "dev": true,
      "license": "MIT"
    },
    "../../node_modules/.pnpm/@types+d3-zoom@3.0.8/node_modules/@types/d3-zoom": {
      "version": "3.0.8",
      "dev": true,
      "license": "MIT",
      "dependencies": {
        "@types/d3-interpolate": "*",
        "@types/d3-selection": "*"
      }
    },
    "../../node_modules/.pnpm/@types+dagre@0.7.53/node_modules/@types/dagre": {
      "version": "0.7.53",
      "dev": true,
      "license": "MIT"
    },
    "../../node_modules/.pnpm/d3-selection@3.0.0/node_modules/d3-selection": {
      "version": "3.0.0",
      "license": "ISC",
      "devDependencies": {
        "eslint": "7",
        "jsdom": "16",
        "mocha": "9",
        "rollup": "2",
        "rollup-plugin-terser": "7"
      },
      "engines": {
        "node": ">=12"
      }
    },
    "../../node_modules/.pnpm/d3-zoom@3.0.0/node_modules/d3-zoom": {
      "version": "3.0.0",
      "license": "ISC",
      "dependencies": {
        "d3-dispatch": "1 - 3",
        "d3-drag": "2 - 3",
        "d3-interpolate": "1 - 3",
        "d3-selection": "2 - 3",
        "d3-transition": "2 - 3"
      },
      "devDependencies": {
        "eslint": "7",
        "jsdom": "16",
        "mocha": "9",
        "rollup": "2",
        "rollup-plugin-terser": "7"
      },
      "engines": {
        "node": ">=12"
      }
    },
    "../../node_modules/.pnpm/dagre@0.8.5/node_modules/dagre": {
      "version": "0.8.5",
      "license": "MIT",
      "dependencies": {
        "graphlib": "^2.1.8",
        "lodash": "^4.17.15"
      },
      "devDependencies": {
        "benchmark": "^2.1.4",
        "browserify": "^16.2.3",
        "chai": "^4.1.2",
        "eslint": "^5.13.0",
        "istanbul": "^0.4.5",
        "jshint": "^2.9.5",
        "jshint-stylish": "^2.2.1",
        "karma": "^4.1.0",
        "karma-chrome-launcher": "^2.2.0",
        "karma-firefox-launcher": "^1.1.0",
        "karma-mocha": "^1.3.0",
        "karma-phantomjs-launcher": "^1.0.4",
        "karma-requirejs": "^1.1.0",
        "karma-safari-launcher": "^1.0.0",
        "mocha": "^6.1.4",
        "phantomjs-prebuilt": "^2.1.16",
        "requirejs": "^2.3.5",
        "semver": "^5.4.1",
        "sprintf": "^0.1.5",
        "uglify-js": "^3.3.4"
      }
    },
    "../../node_modules/.pnpm/elkjs@0.11.0/node_modules/elkjs": {
      "version": "0.11.0",
      "license": "EPL-2.0",
      "devDependencies": {
        "@babel/cli": "^7.26.4",
        "@babel/core": "^7.26.4",
        "@babel/preset-env": "^7.26.4",
        "browserify": "^14.4.0",
        "chai": "^4.0.2",
        "chai-as-promised": "^7.1.1",
        "cipher-base": "^1.0.6",
        "mkdirp": "^0.5.0",
        "mocha": "^10.3.0",
        "sha.js": "^2.4.12",
        "web-worker": "1.4.1"
      }
    },
    "../../node_modules/.pnpm/mermaid@11.12.2/node_modules/mermaid": {
      "version": "11.12.2",
      "dev": true,
      "license": "MIT",
      "dependencies": {
        "@braintree/sanitize-url": "^7.1.1",
        "@iconify/utils": "^3.0.1",
        "@mermaid-js/parser": "^0.6.3",
        "@types/d3": "^7.4.3",
        "cytoscape": "^3.29.3",
        "cytoscape-cose-bilkent": "^4.1.0",
        "cytoscape-fcose": "^2.2.0",
        "d3": "^7.9.0",
        "d3-sankey": "^0.12.3",
        "dagre-d3-es": "7.0.13",
        "dayjs": "^1.11.18",
        "dompurify": "^3.2.5",
        "katex": "^0.16.22",
        "khroma": "^2.1.0",
        "lodash-es": "^4.17.21",
        "marked": "^16.2.1",
        "roughjs": "^4.6.6",
        "stylis": "^4.3.6",
        "ts-dedent": "^2.2.0",
        "uuid": "^11.1.0"
      },
      "devDependencies": {
        "@adobe/jsonschema2md": "^8.0.5",
        "@iconify/types": "^2.0.0",
        "@types/cytoscape": "^3.21.9",
        "@types/cytoscape-fcose": "^2.2.4",
        "@types/d3-sankey": "^0.12.4",
        "@types/d3-scale": "^4.0.9",
        "@types/d3-scale-chromatic": "^3.1.0",
        "@types/d3-selection": "^3.0.11",
        "@types/d3-shape": "^3.1.7",
        "@types/jsdom": "^21.1.7",
        "@types/katex": "^0.16.7",
        "@types/lodash-es": "^4.17.12",
        "@types/micromatch": "^4.0.9",
        "@types/stylis": "^4.2.7",
        "@types/uuid": "^10.0.0",
        "ajv": "^8.17.1",
        "canvas": "^3.1.2",
        "chokidar": "3.6.0",
        "concurrently": "^9.1.2",
        "csstree-validator": "^4.0.1",
        "globby": "^14.1.0",
        "jison": "^0.4.18",
        "js-base64": "^3.7.8",
        "jsdom": "^26.1.0",
        "json-schema-to-typescript": "^15.0.4",
        "micromatch": "^4.0.8",
        "path-browserify": "^1.0.1",
        "prettier": "^3.5.3",
        "remark": "^15.0.1",
        "remark-frontmatter": "^5.0.0",
        "remark-gfm": "^4.0.1",
        "rimraf": "^6.0.1",
        "start-server-and-test": "^2.0.13",
        "type-fest": "^4.35.0",
        "typedoc": "^0.28.12",
        "typedoc-plugin-markdown": "^4.8.1",
        "typescript": "~5.7.3",
        "unist-util-flatmap": "^1.0.0",
        "unist-util-visit": "^5.0.0",
        "vitepress": "^1.6.4",
        "vitepress-plugin-search": "1.0.4-alpha.22"
      }
    },
    "../../node_modules/.pnpm/tsup@8.5.1_jiti@2.6.1_postcss@8.5.6_tsx@4.21.0_typescript@5.9.3/node_modules/tsup": {
      "version": "8.5.1",
      "dev": true,
      "license": "MIT",
      "dependencies": {
        "bundle-require": "^5.1.0",
        "cac": "^6.7.14",
        "chokidar": "^4.0.3",
        "consola": "^3.4.0",
        "debug": "^4.4.0",
        "esbuild": "^0.27.0",
        "fix-dts-default-cjs-exports": "^1.0.0",
        "joycon": "^3.1.1",
        "picocolors": "^1.1.1",
        "postcss-load-config": "^6.0.1",
        "resolve-from": "^5.0.0",
        "rollup": "^4.34.8",
        "source-map": "^0.7.6",
        "sucrase": "^3.35.0",
        "tinyexec": "^0.3.2",
        "tinyglobby": "^0.2.11",
        "tree-kill": "^1.2.2"
      },
      "bin": {
        "tsup": "dist/cli-default.js",
        "tsup-node": "dist/cli-node.js"
      },
      "devDependencies": {
        "@microsoft/api-extractor": "^7.50.0",
        "@rollup/plugin-json": "6.1.0",
        "@swc/core": "1.10.18",
        "@types/debug": "4.1.12",
        "@types/node": "22.13.4",
        "@types/resolve": "1.20.6",
        "bumpp": "^10.0.3",
        "flat": "6.0.1",
        "postcss": "8.5.2",
        "postcss-simple-vars": "7.0.1",
        "prettier": "3.5.1",
        "resolve": "1.22.10",
        "rollup-plugin-dts": "6.1.1",
        "sass": "1.85.0",
        "strip-json-comments": "5.0.1",
        "svelte": "5.19.9",
        "svelte-preprocess": "6.0.3",
        "terser": "^5.39.0",
        "ts-essentials": "10.0.4",
        "tsup": "8.3.6",
        "typescript": "5.7.3",
        "vitest": "3.0.6",
        "wait-for-expect": "3.0.2"
      },
      "engines": {
        "node": ">=18"
      },
      "peerDependencies": {
        "@microsoft/api-extractor": "^7.36.0",
        "@swc/core": "^1",
        "postcss": "^8.4.12",
        "typescript": ">=4.5.0"
      },
      "peerDependenciesMeta": {
        "@microsoft/api-extractor": {
          "optional": true
        },
        "@swc/core": {
          "optional": true
        },
        "postcss": {
          "optional": true
        },
        "typescript": {
          "optional": true
        }
      }
    },
    "../../node_modules/.pnpm/typescript@5.9.3/node_modules/typescript": {
      "version": "5.9.3",
      "dev": true,
      "license": "Apache-2.0",
      "bin": {
        "tsc": "bin/tsc",
        "tsserver": "bin/tsserver"
      },
      "devDependencies": {
        "@dprint/formatter": "^0.4.1",
        "@dprint/typescript": "0.93.4",
        "@esfx/canceltoken": "^1.0.0",
        "@eslint/js": "^9.20.0",
        "@octokit/rest": "^21.1.1",
        "@types/chai": "^4.3.20",
        "@types/diff": "^7.0.1",
        "@types/minimist": "^1.2.5",
        "@types/mocha": "^10.0.10",
        "@types/ms": "^0.7.34",
        "@types/node": "latest",
        "@types/source-map-support": "^0.5.10",
        "@types/which": "^3.0.4",
        "@typescript-eslint/rule-tester": "^8.24.1",
        "@typescript-eslint/type-utils": "^8.24.1",
        "@typescript-eslint/utils": "^8.24.1",
        "azure-devops-node-api": "^14.1.0",
        "c8": "^10.1.3",
        "chai": "^4.5.0",
        "chokidar": "^4.0.3",
        "diff": "^7.0.0",
        "dprint": "^0.49.0",
        "esbuild": "^0.25.0",
        "eslint": "^9.20.1",
        "eslint-formatter-autolinkable-stylish": "^1.4.0",
        "eslint-plugin-regexp": "^2.7.0",
        "fast-xml-parser": "^4.5.2",
        "glob": "^10.4.5",
        "globals": "^15.15.0",
        "hereby": "^1.10.0",
        "jsonc-parser": "^3.3.1",
        "knip": "^5.44.4",
        "minimist": "^1.2.8",
        "mocha": "^10.8.2",
        "mocha-fivemat-progress-reporter": "^0.1.0",
        "monocart-coverage-reports": "^2.12.1",
        "ms": "^2.1.3",
        "picocolors": "^1.1.1",
        "playwright": "^1.50.1",
        "source-map-support": "^0.5.21",
        "tslib": "^2.8.1",
        "typescript": "^5.7.3",
        "typescript-eslint": "^8.24.1",
        "which": "^3.0.1"
      },
      "engines": {
        "node": ">=14.17"
      }
    },
    "../../node_modules/.pnpm/vitest@3.2.4_@types+node@22.19.3_jiti@2.6.1_jsdom@27.3.0_lightningcss@1.30.2_tsx@4.21.0/node_modules/vitest": {
      "version": "3.2.4",
      "dev": true,
      "license": "MIT",
      "dependencies": {
        "@types/chai": "^5.2.2",
        "@vitest/expect": "3.2.4",
        "@vitest/mocker": "3.2.4",
        "@vitest/pretty-format": "^3.2.4",
        "@vitest/runner": "3.2.4",
        "@vitest/snapshot": "3.2.4",
        "@vitest/spy": "3.2.4",
        "@vitest/utils": "3.2.4",
        "chai": "^5.2.0",
        "debug": "^4.4.1",
        "expect-type": "^1.2.1",
        "magic-string": "^0.30.17",
        "pathe": "^2.0.3",
        "picomatch": "^4.0.2",
        "std-env": "^3.9.0",
        "tinybench": "^2.9.0",
        "tinyexec": "^0.3.2",
        "tinyglobby": "^0.2.14",
        "tinypool": "^1.1.1",
        "tinyrainbow": "^2.0.0",
        "vite": "^5.0.0 || ^6.0.0 || ^7.0.0-0",
        "vite-node": "3.2.4",
        "why-is-node-running": "^2.3.0"
      },
      "bin": {
        "vitest": "vitest.mjs"
      },
      "devDependencies": {
        "@ampproject/remapping": "^2.3.0",
        "@antfu/install-pkg": "^1.1.0",
        "@edge-runtime/vm": "^5.0.0",
        "@sinonjs/fake-timers": "14.0.0",
        "@types/debug": "^4.1.12",
        "@types/estree": "^1.0.8",
        "@types/istanbul-lib-coverage": "^2.0.6",
        "@types/istanbul-reports": "^3.0.4",
        "@types/jsdom": "^21.1.7",
        "@types/mime": "^4.0.0",
        "@types/node": "^22.15.32",
        "@types/picomatch": "^4.0.0",
        "@types/prompts": "^2.4.9",
        "@types/sinonjs__fake-timers": "^8.1.5",
        "acorn-walk": "^8.3.4",
        "birpc": "2.4.0",
        "cac": "^6.7.14",
        "chai-subset": "^1.6.0",
        "find-up": "^6.3.0",
        "flatted": "^3.3.3",
        "happy-dom": "^17.6.3",
        "jsdom": "^26.1.0",
        "local-pkg": "^1.1.1",
        "mime": "^4.0.7",
        "pretty-format": "^29.7.0",
        "prompts": "^2.4.2",
        "strip-literal": "^3.0.0",
        "ws": "^8.18.2"
      },
      "engines": {
        "node": "^18.0.0 || ^20.0.0 || >=22.0.0"
      },
      "funding": {
        "url": "https://opencollective.com/vitest"
      },
      "peerDependencies": {
        "@edge-runtime/vm": "*",
        "@types/debug": "^4.1.12",
        "@types/node": "^18.0.0 || ^20.0.0 || >=22.0.0",
        "@vitest/browser": "3.2.4",
        "@vitest/ui": "3.2.4",
        "happy-dom": "*",
        "jsdom": "*"
      },
      "peerDependenciesMeta": {
        "@edge-runtime/vm": {
          "optional": true
        },
        "@types/debug": {
          "optional": true
        },
        "@types/node": {
          "optional": true
        },
        "@vitest/browser": {
          "optional": true
        },
        "@vitest/ui": {
          "optional": true
        },
        "happy-dom": {
          "optional": true
        },
        "jsdom": {
          "optional": true
        }
      }
    },
    "node_modules/@types/d3-selection": {
      "resolved": "../../node_modules/.pnpm/@types+d3-selection@3.0.11/node_modules/@types/d3-selection",
      "link": true
    },
    "node_modules/@types/d3-zoom": {
      "resolved": "../../node_modules/.pnpm/@types+d3-zoom@3.0.8/node_modules/@types/d3-zoom",
      "link": true
    },
    "node_modules/@types/dagre": {
      "resolved": "../../node_modules/.pnpm/@types+dagre@0.7.53/node_modules/@types/dagre",
      "link": true
    },
    "node_modules/@types/pathfinding": {
      "version": "0.1.0",
      "resolved": "https://registry.npmjs.org/@types/pathfinding/-/pathfinding-0.1.0.tgz",
      "integrity": "sha512-QkKZqdAPhfkHIoiCWa/4yVolcCDin10qScbdiyqtDsY9cxlcslVgoU1g9yVdFytsHqJQevkYNcNBgD/P7OZbQg==",
      "dev": true,
      "license": "MIT"
    },
    "node_modules/d3-selection": {
      "resolved": "../../node_modules/.pnpm/d3-selection@3.0.0/node_modules/d3-selection",
      "link": true
    },
    "node_modules/d3-zoom": {
      "resolved": "../../node_modules/.pnpm/d3-zoom@3.0.0/node_modules/d3-zoom",
      "link": true
    },
    "node_modules/dagre": {
      "resolved": "../../node_modules/.pnpm/dagre@0.8.5/node_modules/dagre",
      "link": true
    },
    "node_modules/elkjs": {
      "resolved": "../../node_modules/.pnpm/elkjs@0.11.0/node_modules/elkjs",
      "link": true
    },
    "node_modules/heap": {
      "version": "0.2.5",
      "resolved": "https://registry.npmjs.org/heap/-/heap-0.2.5.tgz",
      "integrity": "sha512-G7HLD+WKcrOyJP5VQwYZNC3Z6FcQ7YYjEFiFoIj8PfEr73mu421o8B1N5DKUcc8K37EsJ2XXWA8DtrDz/2dReg=="
    },
    "node_modules/mermaid": {
      "resolved": "../../node_modules/.pnpm/mermaid@11.12.2/node_modules/mermaid",
      "link": true
    },
    "node_modules/pathfinding": {
      "version": "0.4.18",
      "resolved": "https://registry.npmjs.org/pathfinding/-/pathfinding-0.4.18.tgz",
      "integrity": "sha512-R0TGEQ9GRcFCDvAWlJAWC+KGJ9SLbW4c0nuZRcioVlXVTlw+F5RvXQ8SQgSqI9KXWC1ew95vgmIiyaWTlCe9Ag==",
      "dependencies": {
        "heap": "0.2.5"
      }
    },
    "node_modules/tsup": {
      "resolved": "../../node_modules/.pnpm/tsup@8.5.1_jiti@2.6.1_postcss@8.5.6_tsx@4.21.0_typescript@5.9.3/node_modules/tsup",
      "link": true
    },
    "node_modules/typescript": {
      "resolved": "../../node_modules/.pnpm/typescript@5.9.3/node_modules/typescript",
      "link": true
    },
    "node_modules/vitest": {
      "resolved": "../../node_modules/.pnpm/vitest@3.2.4_@types+node@22.19.3_jiti@2.6.1_jsdom@27.3.0_lightningcss@1.30.2_tsx@4.21.0/node_modules/vitest",
      "link": true
    }
  }
}
